// !$*UTF8*$!
{
	archiveVersion = 1;
	classes = {
	};
	objectVersion = 50;
	objects = {

/* Begin PBXBuildFile section */
		41944381D82781154CB0534A /* Pods_CloudinaryTest.framework in Frameworks */ = {isa = PBXBuildFile; fileRef = 8DDA4FDD6A45568AF7CF2769 /* Pods_CloudinaryTest.framework */; };
		64DEB32120AF04D600B9B580 /* PlayerViewController.swift in Sources */ = {isa = PBXBuildFile; fileRef = 64DEB32020AF04D600B9B580 /* PlayerViewController.swift */; };
		7763DF1820AB114F004BF69B /* GoogleService-Info.plist in Resources */ = {isa = PBXBuildFile; fileRef = 7763DF1720AB114F004BF69B /* GoogleService-Info.plist */; };
		77E1FF5520A98DFB00FC2425 /* AppDelegate.swift in Sources */ = {isa = PBXBuildFile; fileRef = 77E1FF5420A98DFB00FC2425 /* AppDelegate.swift */; };
		77E1FF5A20A98DFB00FC2425 /* Main.storyboard in Resources */ = {isa = PBXBuildFile; fileRef = 77E1FF5820A98DFB00FC2425 /* Main.storyboard */; };
		77E1FF5C20A98DFC00FC2425 /* Assets.xcassets in Resources */ = {isa = PBXBuildFile; fileRef = 77E1FF5B20A98DFC00FC2425 /* Assets.xcassets */; };
		77E1FF5F20A98DFC00FC2425 /* LaunchScreen.storyboard in Resources */ = {isa = PBXBuildFile; fileRef = 77E1FF5D20A98DFC00FC2425 /* LaunchScreen.storyboard */; };
		77E1FF7020A9CB4C00FC2425 /* PhotoCollectionViewCell.swift in Sources */ = {isa = PBXBuildFile; fileRef = 77E1FF6F20A9CB4C00FC2425 /* PhotoCollectionViewCell.swift */; };
		77E1FF7220A9CC6200FC2425 /* GalleryCVC.swift in Sources */ = {isa = PBXBuildFile; fileRef = 77E1FF7120A9CC6200FC2425 /* GalleryCVC.swift */; };
		77E1FF7420A9D7AA00FC2425 /* Photo.swift in Sources */ = {isa = PBXBuildFile; fileRef = 77E1FF7320A9D7AA00FC2425 /* Photo.swift */; };
/* End PBXBuildFile section */

/* Begin PBXFileReference section */
		011E0D426274C5B36E0F7E08 /* Pods-CloudinaryTest.release.xcconfig */ = {isa = PBXFileReference; includeInIndex = 1; lastKnownFileType = text.xcconfig; name = "Pods-CloudinaryTest.release.xcconfig"; path = "Pods/Target Support Files/Pods-CloudinaryTest/Pods-CloudinaryTest.release.xcconfig"; sourceTree = "<group>"; };
		64DEB32020AF04D600B9B580 /* PlayerViewController.swift */ = {isa = PBXFileReference; lastKnownFileType = sourcecode.swift; path = PlayerViewController.swift; sourceTree = "<group>"; };
		7763DF1720AB114F004BF69B /* GoogleService-Info.plist */ = {isa = PBXFileReference; fileEncoding = 4; lastKnownFileType = text.plist.xml; path = "GoogleService-Info.plist"; sourceTree = "<group>"; };
		77E1FF5120A98DFB00FC2425 /* CloudinaryTest.app */ = {isa = PBXFileReference; explicitFileType = wrapper.application; includeInIndex = 0; path = CloudinaryTest.app; sourceTree = BUILT_PRODUCTS_DIR; };
		77E1FF5420A98DFB00FC2425 /* AppDelegate.swift */ = {isa = PBXFileReference; lastKnownFileType = sourcecode.swift; path = AppDelegate.swift; sourceTree = "<group>"; };
		77E1FF5920A98DFB00FC2425 /* Base */ = {isa = PBXFileReference; lastKnownFileType = file.storyboard; name = Base; path = Base.lproj/Main.storyboard; sourceTree = "<group>"; };
		77E1FF5B20A98DFC00FC2425 /* Assets.xcassets */ = {isa = PBXFileReference; lastKnownFileType = folder.assetcatalog; path = Assets.xcassets; sourceTree = "<group>"; };
		77E1FF5E20A98DFC00FC2425 /* Base */ = {isa = PBXFileReference; lastKnownFileType = file.storyboard; name = Base; path = Base.lproj/LaunchScreen.storyboard; sourceTree = "<group>"; };
		77E1FF6020A98DFC00FC2425 /* Info.plist */ = {isa = PBXFileReference; lastKnownFileType = text.plist.xml; path = Info.plist; sourceTree = "<group>"; };
		77E1FF6F20A9CB4C00FC2425 /* PhotoCollectionViewCell.swift */ = {isa = PBXFileReference; lastKnownFileType = sourcecode.swift; path = PhotoCollectionViewCell.swift; sourceTree = "<group>"; };
		77E1FF7120A9CC6200FC2425 /* GalleryCVC.swift */ = {isa = PBXFileReference; lastKnownFileType = sourcecode.swift; path = GalleryCVC.swift; sourceTree = "<group>"; };
		77E1FF7320A9D7AA00FC2425 /* Photo.swift */ = {isa = PBXFileReference; fileEncoding = 4; lastKnownFileType = sourcecode.swift; path = Photo.swift; sourceTree = "<group>"; };
		8DDA4FDD6A45568AF7CF2769 /* Pods_CloudinaryTest.framework */ = {isa = PBXFileReference; explicitFileType = wrapper.framework; includeInIndex = 0; path = Pods_CloudinaryTest.framework; sourceTree = BUILT_PRODUCTS_DIR; };
		D12AF5272D40D66AF3A1DE50 /* Pods-CloudinaryTest.debug.xcconfig */ = {isa = PBXFileReference; includeInIndex = 1; lastKnownFileType = text.xcconfig; name = "Pods-CloudinaryTest.debug.xcconfig"; path = "Pods/Target Support Files/Pods-CloudinaryTest/Pods-CloudinaryTest.debug.xcconfig"; sourceTree = "<group>"; };
/* End PBXFileReference section */

/* Begin PBXFrameworksBuildPhase section */
		77E1FF4E20A98DFB00FC2425 /* Frameworks */ = {
			isa = PBXFrameworksBuildPhase;
			buildActionMask = 2147483647;
			files = (
				41944381D82781154CB0534A /* Pods_CloudinaryTest.framework in Frameworks */,
			);
			runOnlyForDeploymentPostprocessing = 0;
		};
/* End PBXFrameworksBuildPhase section */

/* Begin PBXGroup section */
		0F638A1E3925C692AC739EDE /* Pods */ = {
			isa = PBXGroup;
			children = (
				D12AF5272D40D66AF3A1DE50 /* Pods-CloudinaryTest.debug.xcconfig */,
				011E0D426274C5B36E0F7E08 /* Pods-CloudinaryTest.release.xcconfig */,
			);
			name = Pods;
			sourceTree = "<group>";
		};
		77B1E96B5FA074F5EE70574A /* Frameworks */ = {
			isa = PBXGroup;
			children = (
				8DDA4FDD6A45568AF7CF2769 /* Pods_CloudinaryTest.framework */,
			);
			name = Frameworks;
			sourceTree = "<group>";
		};
		77E1FF4820A98DFB00FC2425 = {
			isa = PBXGroup;
			children = (
				77E1FF5320A98DFB00FC2425 /* CloudinaryTest */,
				77E1FF5220A98DFB00FC2425 /* Products */,
				0F638A1E3925C692AC739EDE /* Pods */,
				77B1E96B5FA074F5EE70574A /* Frameworks */,
			);
			sourceTree = "<group>";
		};
		77E1FF5220A98DFB00FC2425 /* Products */ = {
			isa = PBXGroup;
			children = (
				77E1FF5120A98DFB00FC2425 /* CloudinaryTest.app */,
			);
			name = Products;
			sourceTree = "<group>";
		};
		77E1FF5320A98DFB00FC2425 /* CloudinaryTest */ = {
			isa = PBXGroup;
			children = (
				7763DF1720AB114F004BF69B /* GoogleService-Info.plist */,
				77E1FF5420A98DFB00FC2425 /* AppDelegate.swift */,
				77E1FF5820A98DFB00FC2425 /* Main.storyboard */,
				77E1FF5B20A98DFC00FC2425 /* Assets.xcassets */,
				77E1FF5D20A98DFC00FC2425 /* LaunchScreen.storyboard */,
				77E1FF6020A98DFC00FC2425 /* Info.plist */,
				77E1FF6F20A9CB4C00FC2425 /* PhotoCollectionViewCell.swift */,
				77E1FF7120A9CC6200FC2425 /* GalleryCVC.swift */,
				77E1FF7320A9D7AA00FC2425 /* Photo.swift */,
				64DEB32020AF04D600B9B580 /* PlayerViewController.swift */,
			);
			path = CloudinaryTest;
			sourceTree = "<group>";
		};
/* End PBXGroup section */

/* Begin PBXNativeTarget section */
		77E1FF5020A98DFB00FC2425 /* CloudinaryTest */ = {
			isa = PBXNativeTarget;
			buildConfigurationList = 77E1FF6320A98DFC00FC2425 /* Build configuration list for PBXNativeTarget "CloudinaryTest" */;
			buildPhases = (
				42929EE8B1EDA76D8054DC8A /* [CP] Check Pods Manifest.lock */,
				77E1FF4D20A98DFB00FC2425 /* Sources */,
				77E1FF4E20A98DFB00FC2425 /* Frameworks */,
				77E1FF4F20A98DFB00FC2425 /* Resources */,
				46EC47971BD050993EF3A3CD /* [CP] Embed Pods Frameworks */,
			);
			buildRules = (
			);
			dependencies = (
			);
			name = CloudinaryTest;
			productName = CloudinaryTest;
			productReference = 77E1FF5120A98DFB00FC2425 /* CloudinaryTest.app */;
			productType = "com.apple.product-type.application";
		};
/* End PBXNativeTarget section */

/* Begin PBXProject section */
		77E1FF4920A98DFB00FC2425 /* Project object */ = {
			isa = PBXProject;
			attributes = {
				LastSwiftUpdateCheck = 0930;
				LastUpgradeCheck = 0930;
				ORGANIZATIONNAME = Olga;
				TargetAttributes = {
					77E1FF5020A98DFB00FC2425 = {
						CreatedOnToolsVersion = 9.3.1;
					};
				};
			};
			buildConfigurationList = 77E1FF4C20A98DFB00FC2425 /* Build configuration list for PBXProject "CloudinaryTest" */;
			compatibilityVersion = "Xcode 9.3";
			developmentRegion = en;
			hasScannedForEncodings = 0;
			knownRegions = (
				en,
				Base,
			);
			mainGroup = 77E1FF4820A98DFB00FC2425;
			productRefGroup = 77E1FF5220A98DFB00FC2425 /* Products */;
			projectDirPath = "";
			projectRoot = "";
			targets = (
				77E1FF5020A98DFB00FC2425 /* CloudinaryTest */,
			);
		};
/* End PBXProject section */

/* Begin PBXResourcesBuildPhase section */
		77E1FF4F20A98DFB00FC2425 /* Resources */ = {
			isa = PBXResourcesBuildPhase;
			buildActionMask = 2147483647;
			files = (
				7763DF1820AB114F004BF69B /* GoogleService-Info.plist in Resources */,
				77E1FF5F20A98DFC00FC2425 /* LaunchScreen.storyboard in Resources */,
				77E1FF5C20A98DFC00FC2425 /* Assets.xcassets in Resources */,
				77E1FF5A20A98DFB00FC2425 /* Main.storyboard in Resources */,
			);
			runOnlyForDeploymentPostprocessing = 0;
		};
/* End PBXResourcesBuildPhase section */

/* Begin PBXShellScriptBuildPhase section */
		42929EE8B1EDA76D8054DC8A /* [CP] Check Pods Manifest.lock */ = {
			isa = PBXShellScriptBuildPhase;
			buildActionMask = 2147483647;
			files = (
			);
			inputPaths = (
				"${PODS_PODFILE_DIR_PATH}/Podfile.lock",
				"${PODS_ROOT}/Manifest.lock",
			);
			name = "[CP] Check Pods Manifest.lock";
			outputPaths = (
				"$(DERIVED_FILE_DIR)/Pods-CloudinaryTest-checkManifestLockResult.txt",
			);
			runOnlyForDeploymentPostprocessing = 0;
			shellPath = /bin/sh;
			shellScript = "diff \"${PODS_PODFILE_DIR_PATH}/Podfile.lock\" \"${PODS_ROOT}/Manifest.lock\" > /dev/null\nif [ $? != 0 ] ; then\n    # print error to STDERR\n    echo \"error: The sandbox is not in sync with the Podfile.lock. Run 'pod install' or update your CocoaPods installation.\" >&2\n    exit 1\nfi\n# This output is used by Xcode 'outputs' to avoid re-running this script phase.\necho \"SUCCESS\" > \"${SCRIPT_OUTPUT_FILE_0}\"\n";
			showEnvVarsInLog = 0;
		};
		46EC47971BD050993EF3A3CD /* [CP] Embed Pods Frameworks */ = {
			isa = PBXShellScriptBuildPhase;
			buildActionMask = 2147483647;
			files = (
			);
			inputPaths = (
				"${SRCROOT}/Pods/Target Support Files/Pods-CloudinaryTest/Pods-CloudinaryTest-frameworks.sh",
				"${BUILT_PRODUCTS_DIR}/Alamofire/Alamofire.framework",
				"${BUILT_PRODUCTS_DIR}/Cloudinary/Cloudinary.framework",
				"${BUILT_PRODUCTS_DIR}/GoogleToolboxForMac/GoogleToolboxForMac.framework",
				"${BUILT_PRODUCTS_DIR}/Kingfisher/Kingfisher.framework",
				"${BUILT_PRODUCTS_DIR}/leveldb-library/leveldb.framework",
				"${BUILT_PRODUCTS_DIR}/nanopb/nanopb.framework",
			);
			name = "[CP] Embed Pods Frameworks";
			outputPaths = (
				"${TARGET_BUILD_DIR}/${FRAMEWORKS_FOLDER_PATH}/Alamofire.framework",
				"${TARGET_BUILD_DIR}/${FRAMEWORKS_FOLDER_PATH}/Cloudinary.framework",
				"${TARGET_BUILD_DIR}/${FRAMEWORKS_FOLDER_PATH}/GoogleToolboxForMac.framework",
				"${TARGET_BUILD_DIR}/${FRAMEWORKS_FOLDER_PATH}/Kingfisher.framework",
				"${TARGET_BUILD_DIR}/${FRAMEWORKS_FOLDER_PATH}/leveldb.framework",
				"${TARGET_BUILD_DIR}/${FRAMEWORKS_FOLDER_PATH}/nanopb.framework",
			);
			runOnlyForDeploymentPostprocessing = 0;
			shellPath = /bin/sh;
			shellScript = "\"${SRCROOT}/Pods/Target Support Files/Pods-CloudinaryTest/Pods-CloudinaryTest-frameworks.sh\"\n";
			showEnvVarsInLog = 0;
		};
/* End PBXShellScriptBuildPhase section */

/* Begin PBXSourcesBuildPhase section */
		77E1FF4D20A98DFB00FC2425 /* Sources */ = {
			isa = PBXSourcesBuildPhase;
			buildActionMask = 2147483647;
			files = (
				77E1FF7420A9D7AA00FC2425 /* Photo.swift in Sources */,
				77E1FF5520A98DFB00FC2425 /* AppDelegate.swift in Sources */,
				77E1FF7220A9CC6200FC2425 /* GalleryCVC.swift in Sources */,
				77E1FF7020A9CB4C00FC2425 /* PhotoCollectionViewCell.swift in Sources */,
				64DEB32120AF04D600B9B580 /* PlayerViewController.swift in Sources */,
			);
			runOnlyForDeploymentPostprocessing = 0;
		};
/* End PBXSourcesBuildPhase section */

/* Begin PBXVariantGroup section */
		77E1FF5820A98DFB00FC2425 /* Main.storyboard */ = {
			isa = PBXVariantGroup;
			children = (
				77E1FF5920A98DFB00FC2425 /* Base */,
			);
			name = Main.storyboard;
			sourceTree = "<group>";
		};
		77E1FF5D20A98DFC00FC2425 /* LaunchScreen.storyboard */ = {
			isa = PBXVariantGroup;
			children = (
				77E1FF5E20A98DFC00FC2425 /* Base */,
			);
			name = LaunchScreen.storyboard;
			sourceTree = "<group>";
		};
/* End PBXVariantGroup section */

/* Begin XCBuildConfiguration section */
		77E1FF6120A98DFC00FC2425 /* Debug */ = {
			isa = XCBuildConfiguration;
			buildSettings = {
				ALWAYS_SEARCH_USER_PATHS = NO;
				CLANG_ANALYZER_NONNULL = YES;
				CLANG_ANALYZER_NUMBER_OBJECT_CONVERSION = YES_AGGRESSIVE;
				CLANG_CXX_LANGUAGE_STANDARD = "gnu++14";
				CLANG_CXX_LIBRARY = "libc++";
				CLANG_ENABLE_MODULES = YES;
				CLANG_ENABLE_OBJC_ARC = YES;
				CLANG_ENABLE_OBJC_WEAK = YES;
				CLANG_WARN_BLOCK_CAPTURE_AUTORELEASING = YES;
				CLANG_WARN_BOOL_CONVERSION = YES;
				CLANG_WARN_COMMA = YES;
				CLANG_WARN_CONSTANT_CONVERSION = YES;
				CLANG_WARN_DEPRECATED_OBJC_IMPLEMENTATIONS = YES;
				CLANG_WARN_DIRECT_OBJC_ISA_USAGE = YES_ERROR;
				CLANG_WARN_DOCUMENTATION_COMMENTS = YES;
				CLANG_WARN_EMPTY_BODY = YES;
				CLANG_WARN_ENUM_CONVERSION = YES;
				CLANG_WARN_INFINITE_RECURSION = YES;
				CLANG_WARN_INT_CONVERSION = YES;
				CLANG_WARN_NON_LITERAL_NULL_CONVERSION = YES;
				CLANG_WARN_OBJC_IMPLICIT_RETAIN_SELF = YES;
				CLANG_WARN_OBJC_LITERAL_CONVERSION = YES;
				CLANG_WARN_OBJC_ROOT_CLASS = YES_ERROR;
				CLANG_WARN_RANGE_LOOP_ANALYSIS = YES;
				CLANG_WARN_STRICT_PROTOTYPES = YES;
				CLANG_WARN_SUSPICIOUS_MOVE = YES;
				CLANG_WARN_UNGUARDED_AVAILABILITY = YES_AGGRESSIVE;
				CLANG_WARN_UNREACHABLE_CODE = YES;
				CLANG_WARN__DUPLICATE_METHOD_MATCH = YES;
				CODE_SIGN_IDENTITY = "iPhone Developer";
				COPY_PHASE_STRIP = NO;
				DEBUG_INFORMATION_FORMAT = dwarf;
				ENABLE_STRICT_OBJC_MSGSEND = YES;
				ENABLE_TESTABILITY = YES;
				GCC_C_LANGUAGE_STANDARD = gnu11;
				GCC_DYNAMIC_NO_PIC = NO;
				GCC_NO_COMMON_BLOCKS = YES;
				GCC_OPTIMIZATION_LEVEL = 0;
				GCC_PREPROCESSOR_DEFINITIONS = (
					"DEBUG=1",
					"$(inherited)",
				);
				GCC_WARN_64_TO_32_BIT_CONVERSION = YES;
				GCC_WARN_ABOUT_RETURN_TYPE = YES_ERROR;
				GCC_WARN_UNDECLARED_SELECTOR = YES;
				GCC_WARN_UNINITIALIZED_AUTOS = YES_AGGRESSIVE;
				GCC_WARN_UNUSED_FUNCTION = YES;
				GCC_WARN_UNUSED_VARIABLE = YES;
				IPHONEOS_DEPLOYMENT_TARGET = 11.3;
				MTL_ENABLE_DEBUG_INFO = YES;
				ONLY_ACTIVE_ARCH = YES;
				SDKROOT = iphoneos;
				SWIFT_ACTIVE_COMPILATION_CONDITIONS = DEBUG;
				SWIFT_OPTIMIZATION_LEVEL = "-Onone";
			};
			name = Debug;
		};
		77E1FF6220A98DFC00FC2425 /* Release */ = {
			isa = XCBuildConfiguration;
			buildSettings = {
				ALWAYS_SEARCH_USER_PATHS = NO;
				CLANG_ANALYZER_NONNULL = YES;
				CLANG_ANALYZER_NUMBER_OBJECT_CONVERSION = YES_AGGRESSIVE;
				CLANG_CXX_LANGUAGE_STANDARD = "gnu++14";
				CLANG_CXX_LIBRARY = "libc++";
				CLANG_ENABLE_MODULES = YES;
				CLANG_ENABLE_OBJC_ARC = YES;
				CLANG_ENABLE_OBJC_WEAK = YES;
				CLANG_WARN_BLOCK_CAPTURE_AUTORELEASING = YES;
				CLANG_WARN_BOOL_CONVERSION = YES;
				CLANG_WARN_COMMA = YES;
				CLANG_WARN_CONSTANT_CONVERSION = YES;
				CLANG_WARN_DEPRECATED_OBJC_IMPLEMENTATIONS = YES;
				CLANG_WARN_DIRECT_OBJC_ISA_USAGE = YES_ERROR;
				CLANG_WARN_DOCUMENTATION_COMMENTS = YES;
				CLANG_WARN_EMPTY_BODY = YES;
				CLANG_WARN_ENUM_CONVERSION = YES;
				CLANG_WARN_INFINITE_RECURSION = YES;
				CLANG_WARN_INT_CONVERSION = YES;
				CLANG_WARN_NON_LITERAL_NULL_CONVERSION = YES;
				CLANG_WARN_OBJC_IMPLICIT_RETAIN_SELF = YES;
				CLANG_WARN_OBJC_LITERAL_CONVERSION = YES;
				CLANG_WARN_OBJC_ROOT_CLASS = YES_ERROR;
				CLANG_WARN_RANGE_LOOP_ANALYSIS = YES;
				CLANG_WARN_STRICT_PROTOTYPES = YES;
				CLANG_WARN_SUSPICIOUS_MOVE = YES;
				CLANG_WARN_UNGUARDED_AVAILABILITY = YES_AGGRESSIVE;
				CLANG_WARN_UNREACHABLE_CODE = YES;
				CLANG_WARN__DUPLICATE_METHOD_MATCH = YES;
				CODE_SIGN_IDENTITY = "iPhone Developer";
				COPY_PHASE_STRIP = NO;
				DEBUG_INFORMATION_FORMAT = "dwarf-with-dsym";
				ENABLE_NS_ASSERTIONS = NO;
				ENABLE_STRICT_OBJC_MSGSEND = YES;
				GCC_C_LANGUAGE_STANDARD = gnu11;
				GCC_NO_COMMON_BLOCKS = YES;
				GCC_WARN_64_TO_32_BIT_CONVERSION = YES;
				GCC_WARN_ABOUT_RETURN_TYPE = YES_ERROR;
				GCC_WARN_UNDECLARED_SELECTOR = YES;
				GCC_WARN_UNINITIALIZED_AUTOS = YES_AGGRESSIVE;
				GCC_WARN_UNUSED_FUNCTION = YES;
				GCC_WARN_UNUSED_VARIABLE = YES;
				IPHONEOS_DEPLOYMENT_TARGET = 11.3;
				MTL_ENABLE_DEBUG_INFO = NO;
				SDKROOT = iphoneos;
				SWIFT_COMPILATION_MODE = wholemodule;
				SWIFT_OPTIMIZATION_LEVEL = "-O";
				VALIDATE_PRODUCT = YES;
			};
			name = Release;
		};
		77E1FF6420A98DFC00FC2425 /* Debug */ = {
			isa = XCBuildConfiguration;
			baseConfigurationReference = D12AF5272D40D66AF3A1DE50 /* Pods-CloudinaryTest.debug.xcconfig */;
			buildSettings = {
				ASSETCATALOG_COMPILER_APPICON_NAME = AppIcon;
				CODE_SIGN_STYLE = Automatic;
				DEVELOPMENT_TEAM = 425X5RTN65;
				INFOPLIST_FILE = CloudinaryTest/Info.plist;
				IPHONEOS_DEPLOYMENT_TARGET = 11.0;
				LD_RUNPATH_SEARCH_PATHS = (
					"$(inherited)",
					"@executable_path/Frameworks",
				);
				PRODUCT_BUNDLE_IDENTIFIER = com.itrex.olga;
				PRODUCT_NAME = "$(TARGET_NAME)";
				SWIFT_VERSION = 4.0;
				TARGETED_DEVICE_FAMILY = "1,2";
			};
			name = Debug;
		};
		77E1FF6520A98DFC00FC2425 /* Release */ = {
			isa = XCBuildConfiguration;
			baseConfigurationReference = 011E0D426274C5B36E0F7E08 /* Pods-CloudinaryTest.release.xcconfig */;
			buildSettings = {
				ASSETCATALOG_COMPILER_APPICON_NAME = AppIcon;
				CODE_SIGN_STYLE = Automatic;
				DEVELOPMENT_TEAM = 425X5RTN65;
				INFOPLIST_FILE = CloudinaryTest/Info.plist;
				IPHONEOS_DEPLOYMENT_TARGET = 11.0;
				LD_RUNPATH_SEARCH_PATHS = (
					"$(inherited)",
					"@executable_path/Frameworks",
				);
				PRODUCT_BUNDLE_IDENTIFIER = com.itrex.olga;
				PRODUCT_NAME = "$(TARGET_NAME)";
				SWIFT_VERSION = 4.0;
				TARGETED_DEVICE_FAMILY = "1,2";
			};
			name = Release;
		};
/* End XCBuildConfiguration section */

/* Begin XCConfigurationList section */
		77E1FF4C20A98DFB00FC2425 /* Build configuration list for PBXProject "CloudinaryTest" */ = {
			isa = XCConfigurationList;
			buildConfigurations = (
				77E1FF6120A98DFC00FC2425 /* Debug */,
				77E1FF6220A98DFC00FC2425 /* Release */,
			);
			defaultConfigurationIsVisible = 0;
			defaultConfigurationName = Release;
		};
		77E1FF6320A98DFC00FC2425 /* Build configuration list for PBXNativeTarget "CloudinaryTest" */ = {
			isa = XCConfigurationList;
			buildConfigurations = (
				77E1FF6420A98DFC00FC2425 /* Debug */,
				77E1FF6520A98DFC00FC2425 /* Release */,
			);
			defaultConfigurationIsVisible = 0;
			defaultConfigurationName = Release;
		};
/* End XCConfigurationList section */
	};
	rootObject = 77E1FF4920A98DFB00FC2425 /* Project object */;
}
